# @generated - this file is auto-generated by `mise lock` https://mise.jdx.dev/dev-tools/mise-lock.html

lockfile_version = 1

[[tools.node]]
version = "22.23.3"
backend = "core:node"
specifiers = ["22"]

[tools.node."platforms.linux-arm64"]
checksum = "sha256:5ced2d48d1d7198739b7f86804de0171aefb6823b684b12341d3321afc3cb0b2"
url = "https://nodejs.org/dist/v22.23.3/node-v22.23.3-linux-arm64.tar.gz"

[tools.node."platforms.linux-arm64-musl"]
checksum = "sha256:8cec03a498d883739d1dc9b924fda2f86944705b54ac707bf48a637483774c70"
url = "https://unofficial-builds.nodejs.org/download/release/v22.23.3/node-v22.23.3-linux-arm64-musl.tar.gz"

[tools.node."platforms.linux-x64"]
checksum = "sha256:1084aa36196bba4c3a5e69a1ee388a6e4ff729dad09445fbcd434b28fe3c24af"
url = "https://nodejs.org/dist/v22.23.3/node-v22.23.3-linux-x64.tar.gz"

[tools.node."platforms.linux-x64-musl"]
checksum = "sha256:5ea46894fc06e09363846d8ed65a822bd00bea35d974e41320272a48af309e3a"
url = "https://unofficial-builds.nodejs.org/download/release/v22.23.3/node-v22.23.3-linux-x64-musl.tar.gz"

[tools.node."platforms.macos-arm64"]
checksum = "sha256:23b25245dcfb9af7262f8ff142e9e2e0af025368117329e7a7458a51e5922f53"
url = "https://nodejs.org/dist/v22.23.3/node-v22.23.3-darwin-arm64.tar.gz"

[tools.node."platforms.macos-x64"]
checksum = "sha256:8a677b0219178efd6eb0e475457c4afb452b521a92f6e67845a73bd85727f2a8"
url = "https://nodejs.org/dist/v22.23.3/node-v22.23.3-darwin-x64.tar.gz"

[tools.node."platforms.windows-x64"]
checksum = "sha256:2b0ff57b049cda1bbcea2240eec20467018713c1efe1f7360c2681859b90ed71"
url = "https://nodejs.org/dist/v22.23.3/node-v22.23.3-win-x64.zip"
