# @generated - this file is auto-generated by `mise lock` https://mise.jdx.dev/dev-tools/mise-lock.html

lockfile_version = 1

[[tools.node]]
version = "24.11.1"
backend = "core:node"
specifiers = ["24"]

[tools.node."platforms.linux-arm64"]
checksum = "sha256:0dc93ec5c798b0d347f068db6d205d03dea9a71765e6a53922b682b91265d71f"
url = "https://nodejs.org/dist/v24.11.1/node-v24.11.1-linux-arm64.tar.gz"

[tools.node."platforms.linux-arm64-musl"]
checksum = "sha256:e2f1b201fe4cc73920a6010c9583934b5b8bb4981b011aa41c2bae9e110d9dba"
url = "https://unofficial-builds.nodejs.org/download/release/v24.11.1/node-v24.11.1-linux-arm64-musl.tar.gz"

[tools.node."platforms.linux-x64"]
checksum = "sha256:58a5ff5cc8f2200e458bea22e329d5c1994aa1b111d499ca46ec2411d58239ca"
url = "https://nodejs.org/dist/v24.11.1/node-v24.11.1-linux-x64.tar.gz"

[tools.node."platforms.linux-x64-musl"]
checksum = "sha256:ad084dbec243b0645cbc3fd545fb588fa3c5bd7ff92a828eee38c03fb246aef2"
url = "https://unofficial-builds.nodejs.org/download/release/v24.11.1/node-v24.11.1-linux-x64-musl.tar.gz"

[tools.node."platforms.macos-arm64"]
checksum = "sha256:b05aa3a66efe680023f930bd5af3fdbbd542794da5644ca2ad711d68cbd4dc35"
url = "https://nodejs.org/dist/v24.11.1/node-v24.11.1-darwin-arm64.tar.gz"

[tools.node."platforms.macos-x64"]
checksum = "sha256:096081b6d6fcdd3f5ba0f5f1d44a47e83037ad2e78eada26671c252fe64dd111"
url = "https://nodejs.org/dist/v24.11.1/node-v24.11.1-darwin-x64.tar.gz"

[tools.node."platforms.windows-x64"]
checksum = "sha256:5355ae6d7c49eddcfde7d34ac3486820600a831bf81dc3bdca5c8db6a9bb0e76"
url = "https://nodejs.org/dist/v24.11.1/node-v24.11.1-win-x64.zip"

[[tools.python]]
version = "3.12.14"
backend = "core:python"
specifiers = ["3.12"]

[tools.python."platforms.linux-arm64"]
checksum = "sha256:706111f834ae1557314f48b7293ddc72cc96e952aa75c5d31f56c2b7ddeac3d3"
url = "https://github.com/astral-sh/python-build-standalone/releases/download/20260929/cpython-3.12.14+20260929-aarch64-unknown-linux-gnu-install_only_stripped.tar.gz"
provenance = "github-attestations"

[tools.python."platforms.linux-arm64-musl"]
checksum = "sha256:0701da703f7fefd86188bb298c6c6386bd14d2ea7d2405390cc1ded52651b8e4"
url = "https://github.com/astral-sh/python-build-standalone/releases/download/20260929/cpython-3.12.14+20260929-aarch64-unknown-linux-musl-install_only_stripped.tar.gz"
provenance = "github-attestations"

[tools.python."platforms.linux-x64"]
checksum = "sha256:ef605200f8174e87ecfc308e52a88127543f85dd5c940dc5e92cab244b98a003"
url = "https://github.com/astral-sh/python-build-standalone/releases/download/20260929/cpython-3.12.14+20260929-x86_64-unknown-linux-gnu-install_only_stripped.tar.gz"
provenance = "github-attestations"

[tools.python."platforms.linux-x64-musl"]
checksum = "sha256:aabaced630e0b85cb12d93c2f22447b077cb1554fcfe44060c0d5dbbb3ad2f7c"
url = "https://github.com/astral-sh/python-build-standalone/releases/download/20260929/cpython-3.12.14+20260929-x86_64-unknown-linux-musl-install_only_stripped.tar.gz"
provenance = "github-attestations"

[tools.python."platforms.macos-arm64"]
checksum = "sha256:1bb3e53d231ee2c8881e8daf6426f4dd95bff0dda496af0f3af300357aa998d0"
url = "https://github.com/astral-sh/python-build-standalone/releases/download/20260929/cpython-3.12.14+20260929-aarch64-apple-darwin-install_only_stripped.tar.gz"
provenance = "github-attestations"

[tools.python."platforms.macos-x64"]
checksum = "sha256:62891cf4a32ed18b6b4174def999184b5186371422c52dd92d941401db0f0e41"
url = "https://github.com/astral-sh/python-build-standalone/releases/download/20260929/cpython-3.12.14+20260929-x86_64-apple-darwin-install_only_stripped.tar.gz"
provenance = "github-attestations"

[tools.python."platforms.windows-x64"]
checksum = "sha256:f38e68f4d612ade6dd50c894fc80b14c0be0c3b5201145d6fff5f20b9323204d"
url = "https://github.com/astral-sh/python-build-standalone/releases/download/20260929/cpython-3.12.14+20260929-x86_64-pc-windows-msvc-install_only_stripped.tar.gz"
provenance = "github-attestations"

[[tools.uv]]
version = "0.11.13"
backend = "aqua:astral-sh/uv"
specifiers = ["0.11.13"]

[tools.uv."platforms.linux-arm64"]
checksum = "sha256:12366407dc1fdba5179b10bd69c11ebfc2eff25791366089c0b2f5701056efc5"
url = "https://github.com/astral-sh/uv/releases/download/0.11.13/uv-aarch64-unknown-linux-gnu.tar.gz"
url_api = "https://api.github.com/repos/astral-sh/uv/releases/assets/417041888"
provenance = "github-attestations"

[tools.uv."platforms.linux-arm64-musl"]
checksum = "sha256:bea8a97b1b3ed41491e075c1f474e7f0249582aa3f62849c4e874b5f34ddc95e"
url = "https://github.com/astral-sh/uv/releases/download/0.11.13/uv-aarch64-unknown-linux-musl.tar.gz"
url_api = "https://api.github.com/repos/astral-sh/uv/releases/assets/417041891"
provenance = "github-attestations"

[tools.uv."platforms.linux-x64"]
checksum = "sha256:f830ea3d38ae1492acf53cb7f2cd0f81d6ae22b42d2d7310a6c7d42c451e1a43"
url = "https://github.com/astral-sh/uv/releases/download/0.11.13/uv-x86_64-unknown-linux-gnu.tar.gz"
url_api = "https://api.github.com/repos/astral-sh/uv/releases/assets/417041940"
provenance = "github-attestations"

[tools.uv."platforms.linux-x64-musl"]
checksum = "sha256:5635afc285df86ce6f05f3f22335f9548b0026e58531904482c9670a1c1c65d9"
url = "https://github.com/astral-sh/uv/releases/download/0.11.13/uv-x86_64-unknown-linux-musl.tar.gz"
url_api = "https://api.github.com/repos/astral-sh/uv/releases/assets/417041941"
provenance = "github-attestations"

[tools.uv."platforms.macos-arm64"]
checksum = "sha256:196a58aa24da89144187670df7c407358028984537fbc2f8f2d8f7a2604980df"
url = "https://github.com/astral-sh/uv/releases/download/0.11.13/uv-aarch64-apple-darwin.tar.gz"
url_api = "https://api.github.com/repos/astral-sh/uv/releases/assets/417041876"
provenance = "github-attestations"

[tools.uv."platforms.macos-x64"]
checksum = "sha256:99aad3f4956f5b92efd83eca6d87bf03e10688899487ad541f904c9c25c61dc1"
url = "https://github.com/astral-sh/uv/releases/download/0.11.13/uv-x86_64-apple-darwin.tar.gz"
url_api = "https://api.github.com/repos/astral-sh/uv/releases/assets/417041935"
provenance = "github-attestations"

[tools.uv."platforms.windows-x64"]
checksum = "sha256:0953ac2ef4fbe47ad469bfa80b658a577a02c4d73a2fb9c4c7c70dda432efded"
url = "https://github.com/astral-sh/uv/releases/download/0.11.13/uv-x86_64-pc-windows-msvc.zip"
url_api = "https://api.github.com/repos/astral-sh/uv/releases/assets/417041938"
provenance = "github-attestations"
